
Microsoft Visual Studio Solution File, Format Version 12.00
# Visual Studio 14
VisualStudioVersion = 14.0.25123.0
MinimumVisualStudioVersion = 10.0.40219.1
Project("{8BC9CEB8-8B4A-11D0-8D11-00A0C91BC942}") = "1-HelloAIE", "1-HelloAIE\1-HelloAIE.vcxproj", "{50038850-9FD5-4BF3-AF67-A65232BF265A}"
EndProject
Project("{8BC9CEB8-8B4A-11D0-8D11-00A0C91BC942}") = "2-Variables", "2-Variables\2-Variables.vcxproj", "{7E73F2E3-0B04-423D-BCD1-CB011ED5FD8C}"
EndProject
Project("{8BC9CEB8-8B4A-11D0-8D11-00A0C91BC942}") = "3-Conditionals", "3-Conditionals\3-Conditionals.vcxproj", "{9992B6B0-430B-4926-BAD3-2CD58854F838}"
EndProject
Project("{8BC9CEB8-8B4A-11D0-8D11-00A0C91BC942}") = "4-Funcions", "4-Funcions\4-Funcions.vcxproj", "{48940A5B-970A-494B-A805-AAAB8A25B0D8}"
EndProject
Project("{8BC9CEB8-8B4A-11D0-8D11-00A0C91BC942}") = "5-Multi-FileProjects", "5-Multi-FileProjects\5-Multi-FileProjects.vcxproj", "{C6F2C135-6CC3-4D82-9F66-6C82E818119C}"
EndProject
Global
	GlobalSection(SolutionConfigurationPlatforms) = preSolution
		Debug|x64 = Debug|x64
		Debug|x86 = Debug|x86
		Release|x64 = Release|x64
		Release|x86 = Release|x86
	EndGlobalSection
	GlobalSection(ProjectConfigurationPlatforms) = postSolution
		{50038850-9FD5-4BF3-AF67-A65232BF265A}.Debug|x64.ActiveCfg = Debug|x64
		{50038850-9FD5-4BF3-AF67-A65232BF265A}.Debug|x64.Build.0 = Debug|x64
		{50038850-9FD5-4BF3-AF67-A65232BF265A}.Debug|x86.ActiveCfg = Debug|Win32
		{50038850-9FD5-4BF3-AF67-A65232BF265A}.Debug|x86.Build.0 = Debug|Win32
		{50038850-9FD5-4BF3-AF67-A65232BF265A}.Release|x64.ActiveCfg = Release|x64
		{50038850-9FD5-4BF3-AF67-A65232BF265A}.Release|x64.Build.0 = Release|x64
		{50038850-9FD5-4BF3-AF67-A65232BF265A}.Release|x86.ActiveCfg = Release|Win32
		{50038850-9FD5-4BF3-AF67-A65232BF265A}.Release|x86.Build.0 = Release|Win32
		{7E73F2E3-0B04-423D-BCD1-CB011ED5FD8C}.Debug|x64.ActiveCfg = Debug|x64
		{7E73F2E3-0B04-423D-BCD1-CB011ED5FD8C}.Debug|x64.Build.0 = Debug|x64
		{7E73F2E3-0B04-423D-BCD1-CB011ED5FD8C}.Debug|x86.ActiveCfg = Debug|Win32
		{7E73F2E3-0B04-423D-BCD1-CB011ED5FD8C}.Debug|x86.Build.0 = Debug|Win32
		{7E73F2E3-0B04-423D-BCD1-CB011ED5FD8C}.Release|x64.ActiveCfg = Release|x64
		{7E73F2E3-0B04-423D-BCD1-CB011ED5FD8C}.Release|x64.Build.0 = Release|x64
		{7E73F2E3-0B04-423D-BCD1-CB011ED5FD8C}.Release|x86.ActiveCfg = Release|Win32
		{7E73F2E3-0B04-423D-BCD1-CB011ED5FD8C}.Release|x86.Build.0 = Release|Win32
		{9992B6B0-430B-4926-BAD3-2CD58854F838}.Debug|x64.ActiveCfg = Debug|x64
		{9992B6B0-430B-4926-BAD3-2CD58854F838}.Debug|x64.Build.0 = Debug|x64
		{9992B6B0-430B-4926-BAD3-2CD58854F838}.Debug|x86.ActiveCfg = Debug|Win32
		{9992B6B0-430B-4926-BAD3-2CD58854F838}.Debug|x86.Build.0 = Debug|Win32
		{9992B6B0-430B-4926-BAD3-2CD58854F838}.Release|x64.ActiveCfg = Release|x64
		{9992B6B0-430B-4926-BAD3-2CD58854F838}.Release|x64.Build.0 = Release|x64
		{9992B6B0-430B-4926-BAD3-2CD58854F838}.Release|x86.ActiveCfg = Release|Win32
		{9992B6B0-430B-4926-BAD3-2CD58854F838}.Release|x86.Build.0 = Release|Win32
		{48940A5B-970A-494B-A805-AAAB8A25B0D8}.Debug|x64.ActiveCfg = Debug|x64
		{48940A5B-970A-494B-A805-AAAB8A25B0D8}.Debug|x64.Build.0 = Debug|x64
		{48940A5B-970A-494B-A805-AAAB8A25B0D8}.Debug|x86.ActiveCfg = Debug|Win32
		{48940A5B-970A-494B-A805-AAAB8A25B0D8}.Debug|x86.Build.0 = Debug|Win32
		{48940A5B-970A-494B-A805-AAAB8A25B0D8}.Release|x64.ActiveCfg = Release|x64
		{48940A5B-970A-494B-A805-AAAB8A25B0D8}.Release|x64.Build.0 = Release|x64
		{48940A5B-970A-494B-A805-AAAB8A25B0D8}.Release|x86.ActiveCfg = Release|Win32
		{48940A5B-970A-494B-A805-AAAB8A25B0D8}.Release|x86.Build.0 = Release|Win32
		{C6F2C135-6CC3-4D82-9F66-6C82E818119C}.Debug|x64.ActiveCfg = Debug|x64
		{C6F2C135-6CC3-4D82-9F66-6C82E818119C}.Debug|x64.Build.0 = Debug|x64
		{C6F2C135-6CC3-4D82-9F66-6C82E818119C}.Debug|x86.ActiveCfg = Debug|Win32
		{C6F2C135-6CC3-4D82-9F66-6C82E818119C}.Debug|x86.Build.0 = Debug|Win32
		{C6F2C135-6CC3-4D82-9F66-6C82E818119C}.Release|x64.ActiveCfg = Release|x64
		{C6F2C135-6CC3-4D82-9F66-6C82E818119C}.Release|x64.Build.0 = Release|x64
		{C6F2C135-6CC3-4D82-9F66-6C82E818119C}.Release|x86.ActiveCfg = Release|Win32
		{C6F2C135-6CC3-4D82-9F66-6C82E818119C}.Release|x86.Build.0 = Release|Win32
	EndGlobalSection
	GlobalSection(SolutionProperties) = preSolution
		HideSolutionNode = FALSE
	EndGlobalSection
EndGlobal
